
Microsoft Visual Studio Solution File, Format Version 12.00
# Visual Studio Version 16
VisualStudioVersion = 16.0.29418.71
MinimumVisualStudioVersion = 10.0.40219.1
Project("{FAE04EC0-301F-11D3-BF4B-00C04F79EFBC}") = "FFmpeg.VolumeDetect", "FFmpeg.VolumeDetect\FFmpeg.VolumeDetect.csproj", "{8456BD47-6EE0-4A3C-B01B-5A1F94A01ADC}"
EndProject
Project("{FAE04EC0-301F-11D3-BF4B-00C04F79EFBC}") = "FFmpeg.VolumeDetect.Example", "FFmpeg.VolumeDetect.Example\FFmpeg.VolumeDetect.Example.csproj", "{C41D8B10-B020-4262-A6CA-99CB3BF186A5}"
EndProject
Global
	GlobalSection(SolutionConfigurationPlatforms) = preSolution
		Debug|Any CPU = Debug|Any CPU
		Release|Any CPU = Release|Any CPU
	EndGlobalSection
	GlobalSection(ProjectConfigurationPlatforms) = postSolution
		{8456BD47-6EE0-4A3C-B01B-5A1F94A01ADC}.Debug|Any CPU.ActiveCfg = Debug|Any CPU
		{8456BD47-6EE0-4A3C-B01B-5A1F94A01ADC}.Debug|Any CPU.Build.0 = Debug|Any CPU
		{8456BD47-6EE0-4A3C-B01B-5A1F94A01ADC}.Release|Any CPU.ActiveCfg = Release|Any CPU
		{8456BD47-6EE0-4A3C-B01B-5A1F94A01ADC}.Release|Any CPU.Build.0 = Release|Any CPU
		{C41D8B10-B020-4262-A6CA-99CB3BF186A5}.Debug|Any CPU.ActiveCfg = Debug|Any CPU
		{C41D8B10-B020-4262-A6CA-99CB3BF186A5}.Debug|Any CPU.Build.0 = Debug|Any CPU
		{C41D8B10-B020-4262-A6CA-99CB3BF186A5}.Release|Any CPU.ActiveCfg = Release|Any CPU
		{C41D8B10-B020-4262-A6CA-99CB3BF186A5}.Release|Any CPU.Build.0 = Release|Any CPU
	EndGlobalSection
	GlobalSection(SolutionProperties) = preSolution
		HideSolutionNode = FALSE
	EndGlobalSection
	GlobalSection(ExtensibilityGlobals) = postSolution
		SolutionGuid = {607C4482-5E75-4AF8-92AE-3915EA776C38}
	EndGlobalSection
EndGlobal
